Microsoft Visual Studio Solution File, Format Version 12.00
# Visual Studio 2012
Project("{2150E333-8FDC-42A3-9474-1A3956D46DE8}") = "Modules", "Modules", "{E9C9F120-07BA-4DFB-B9C3-3AFB9D44C9D5}"
EndProject
Project("{2150E333-8FDC-42A3-9474-1A3956D46DE8}") = "Tools", "Tools", "{383DBA32-4A3E-48D1-AAC3-75377A694452}"
EndProject
Project("{2150E333-8FDC-42A3-9474-1A3956D46DE8}") = "Themes", "Themes", "{74492CBC-7201-417E-BC29-28B4C25A58B0}"
EndProject
Project("{FAE04EC0-301F-11D3-BF4B-00C04F79EFBC}") = "Orchard.Web", "Orchard.Web\Orchard.Web.csproj", "{50B779EA-EC00-4699-84C0-03B395C365D2}"
EndProject
Project("{FAE04EC0-301F-11D3-BF4B-00C04F79EFBC}") = "Orchard.Framework", "Orchard\Orchard.Framework.csproj", "{2D1D92BB-4555-4CBE-8D0E-63563D6CE4C6}"
EndProject
Project("{FAE04EC0-301F-11D3-BF4B-00C04F79EFBC}") = "Orchard.Core", "Orchard.Web\Core\Orchard.Core.csproj", "{9916839C-39FC-4CEB-A5AF-89CA7E87119F}"
EndProject
Project("{FAE04EC0-301F-11D3-BF4B-00C04F79EFBC}") = "MSBuild.Orchard.Tasks", "Tools\MSBuild.Orchard.Tasks\MSBuild.Orchard.Tasks.csproj", "{5E5E7A21-C7B2-44D8-8593-2F9541AE041D}"
EndProject
Project("{FAE04EC0-301F-11D3-BF4B-00C04F79EFBC}") = "Orchard", "Tools\Orchard\Orchard.csproj", "{33B1BC8D-E292-4972-A363-22056B207156}"
EndProject
Project("{FAE04EC0-301F-11D3-BF4B-00C04F79EFBC}") = "Orchard.Tests", "Tools\Orchard.Tests\Orchard.Tests.csproj", "{0DFA2E10-96C8-4E05-BC10-B710B97ECCDE}"
EndProject
Project("{FAE04EC0-301F-11D3-BF4B-00C04F79EFBC}") = "Themes", "Orchard.Web\Themes\Themes.csproj", "{CB70A642-8CEC-4DDE-8C9F-AD08900EC98D}"
EndProject
Project("{FAE04EC0-301F-11D3-BF4B-00C04F79EFBC}") = "Orchard.WarmupStarter", "Orchard.WarmupStarter\Orchard.WarmupStarter.csproj", "{5C0D5249-AEF5-4BB6-8F5F-057B91AC2D7A}"
EndProject
Project("{FAE04EC0-301F-11D3-BF4B-00C04F79EFBC}") = "Orchard.CodeGeneration", "Orchard.Web\Modules\Orchard.CodeGeneration\Orchard.CodeGeneration.csproj", "{C0C45321-B51D-4D8D-9B7B-AA4C2E0B2962}"
EndProject
Project("{FAE04EC0-301F-11D3-BF4B-00C04F79EFBC}") = "Orchard.Modules", "Orchard.Web\Modules\Orchard.Modules\Orchard.Modules.csproj", "{17F86780-9A1F-4AA1-86F1-875EEC2730C7}"
EndProject
Project("{FAE04EC0-301F-11D3-BF4B-00C04F79EFBC}") = "Orchard.Themes", "Orchard.Web\Modules\Orchard.Themes\Orchard.Themes.csproj", "{CDE24A24-01D3-403C-84B9-37722E18DFB7}"
EndProject
Project("{FAE04EC0-301F-11D3-BF4B-00C04F79EFBC}") = "Orchard.Car", "Orchard.Web\Modules\Orchard.Car\Orchard.Car.csproj", "{7418B1F1-5D7D-40D1-8559-E205157243B3}"
EndProject
Project("{FAE04EC0-301F-11D3-BF4B-00C04F79EFBC}") = "Orchard.CarExtension", "Orchard.Web\Modules\Orchard.CarExtension\Orchard.CarExtension.csproj", "{A31614BF-EC56-4C9C-B5CC-A5EB145A99E6}"
EndProject
Project("{FAE04EC0-301F-11D3-BF4B-00C04F79EFBC}") = "AmberMe.Script", "Orchard.Web\Modules\AmberMe.Script\AmberMe.Script.csproj", "{EA680B2E-CEFF-479C-A40D-70EF608CB514}"
EndProject
Global
	GlobalSection(SolutionConfigurationPlatforms) = preSolution
		CodeCoverage|Any CPU = CodeCoverage|Any CPU
		Coverage|Any CPU = Coverage|Any CPU
		Debug|Any CPU = Debug|Any CPU
		FxCop|Any CPU = FxCop|Any CPU
		Release|Any CPU = Release|Any CPU
	EndGlobalSection
	GlobalSection(ProjectConfigurationPlatforms) = postSolution
		{50B779EA-EC00-4699-84C0-03B395C365D2}.CodeCoverage|Any CPU.ActiveCfg = Release|Any CPU
		{50B779EA-EC00-4699-84C0-03B395C365D2}.CodeCoverage|Any CPU.Build.0 = Release|Any CPU
		{50B779EA-EC00-4699-84C0-03B395C365D2}.Coverage|Any CPU.ActiveCfg = Release|Any CPU
		{50B779EA-EC00-4699-84C0-03B395C365D2}.Coverage|Any CPU.Build.0 = Release|Any CPU
		{50B779EA-EC00-4699-84C0-03B395C365D2}.Debug|Any CPU.ActiveCfg = Debug|Any CPU
		{50B779EA-EC00-4699-84C0-03B395C365D2}.Debug|Any CPU.Build.0 = Debug|Any CPU
		{50B779EA-EC00-4699-84C0-03B395C365D2}.FxCop|Any CPU.ActiveCfg = Release|Any CPU
		{50B779EA-EC00-4699-84C0-03B395C365D2}.FxCop|Any CPU.Build.0 = Release|Any CPU
		{50B779EA-EC00-4699-84C0-03B395C365D2}.Release|Any CPU.ActiveCfg = Release|Any CPU
		{50B779EA-EC00-4699-84C0-03B395C365D2}.Release|Any CPU.Build.0 = Release|Any CPU
		{2D1D92BB-4555-4CBE-8D0E-63563D6CE4C6}.CodeCoverage|Any CPU.ActiveCfg = Release|Any CPU
		{2D1D92BB-4555-4CBE-8D0E-63563D6CE4C6}.CodeCoverage|Any CPU.Build.0 = Release|Any CPU
		{2D1D92BB-4555-4CBE-8D0E-63563D6CE4C6}.Coverage|Any CPU.ActiveCfg = Release|Any CPU
		{2D1D92BB-4555-4CBE-8D0E-63563D6CE4C6}.Coverage|Any CPU.Build.0 = Release|Any CPU
		{2D1D92BB-4555-4CBE-8D0E-63563D6CE4C6}.Debug|Any CPU.ActiveCfg = Debug|Any CPU
		{2D1D92BB-4555-4CBE-8D0E-63563D6CE4C6}.Debug|Any CPU.Build.0 = Debug|Any CPU
		{2D1D92BB-4555-4CBE-8D0E-63563D6CE4C6}.FxCop|Any CPU.ActiveCfg = Release|Any CPU
		{2D1D92BB-4555-4CBE-8D0E-63563D6CE4C6}.FxCop|Any CPU.Build.0 = Release|Any CPU
		{2D1D92BB-4555-4CBE-8D0E-63563D6CE4C6}.Release|Any CPU.ActiveCfg = Release|Any CPU
		{2D1D92BB-4555-4CBE-8D0E-63563D6CE4C6}.Release|Any CPU.Build.0 = Release|Any CPU
		{9916839C-39FC-4CEB-A5AF-89CA7E87119F}.CodeCoverage|Any CPU.ActiveCfg = Release|Any CPU
		{9916839C-39FC-4CEB-A5AF-89CA7E87119F}.CodeCoverage|Any CPU.Build.0 = Release|Any CPU
		{9916839C-39FC-4CEB-A5AF-89CA7E87119F}.Coverage|Any CPU.ActiveCfg = Release|Any CPU
		{9916839C-39FC-4CEB-A5AF-89CA7E87119F}.Coverage|Any CPU.Build.0 = Release|Any CPU
		{9916839C-39FC-4CEB-A5AF-89CA7E87119F}.Debug|Any CPU.ActiveCfg = Debug|Any CPU
		{9916839C-39FC-4CEB-A5AF-89CA7E87119F}.Debug|Any CPU.Build.0 = Debug|Any CPU
		{9916839C-39FC-4CEB-A5AF-89CA7E87119F}.FxCop|Any CPU.ActiveCfg = Release|Any CPU
		{9916839C-39FC-4CEB-A5AF-89CA7E87119F}.FxCop|Any CPU.Build.0 = Release|Any CPU
		{9916839C-39FC-4CEB-A5AF-89CA7E87119F}.Release|Any CPU.ActiveCfg = Release|Any CPU
		{9916839C-39FC-4CEB-A5AF-89CA7E87119F}.Release|Any CPU.Build.0 = Release|Any CPU
		{5E5E7A21-C7B2-44D8-8593-2F9541AE041D}.CodeCoverage|Any CPU.ActiveCfg = Release|Any CPU
		{5E5E7A21-C7B2-44D8-8593-2F9541AE041D}.CodeCoverage|Any CPU.Build.0 = Release|Any CPU
		{5E5E7A21-C7B2-44D8-8593-2F9541AE041D}.Coverage|Any CPU.ActiveCfg = Release|Any CPU
		{5E5E7A21-C7B2-44D8-8593-2F9541AE041D}.Coverage|Any CPU.Build.0 = Release|Any CPU
		{5E5E7A21-C7B2-44D8-8593-2F9541AE041D}.Debug|Any CPU.ActiveCfg = Debug|Any CPU
		{5E5E7A21-C7B2-44D8-8593-2F9541AE041D}.Debug|Any CPU.Build.0 = Debug|Any CPU
		{5E5E7A21-C7B2-44D8-8593-2F9541AE041D}.FxCop|Any CPU.ActiveCfg = Release|Any CPU
		{5E5E7A21-C7B2-44D8-8593-2F9541AE041D}.FxCop|Any CPU.Build.0 = Release|Any CPU
		{5E5E7A21-C7B2-44D8-8593-2F9541AE041D}.Release|Any CPU.ActiveCfg = Release|Any CPU
		{5E5E7A21-C7B2-44D8-8593-2F9541AE041D}.Release|Any CPU.Build.0 = Release|Any CPU
		{33B1BC8D-E292-4972-A363-22056B207156}.CodeCoverage|Any CPU.ActiveCfg = Release|Any CPU
		{33B1BC8D-E292-4972-A363-22056B207156}.CodeCoverage|Any CPU.Build.0 = Release|Any CPU
		{33B1BC8D-E292-4972-A363-22056B207156}.Coverage|Any CPU.ActiveCfg = Release|Any CPU
		{33B1BC8D-E292-4972-A363-22056B207156}.Coverage|Any CPU.Build.0 = Release|Any CPU
		{33B1BC8D-E292-4972-A363-22056B207156}.Debug|Any CPU.ActiveCfg = Debug|Any CPU
		{33B1BC8D-E292-4972-A363-22056B207156}.Debug|Any CPU.Build.0 = Debug|Any CPU
		{33B1BC8D-E292-4972-A363-22056B207156}.FxCop|Any CPU.ActiveCfg = Release|Any CPU
		{33B1BC8D-E292-4972-A363-22056B207156}.FxCop|Any CPU.Build.0 = Release|Any CPU
		{33B1BC8D-E292-4972-A363-22056B207156}.Release|Any CPU.ActiveCfg = Release|Any CPU
		{33B1BC8D-E292-4972-A363-22056B207156}.Release|Any CPU.Build.0 = Release|Any CPU
		{0DFA2E10-96C8-4E05-BC10-B710B97ECCDE}.CodeCoverage|Any CPU.ActiveCfg = Release|Any CPU
		{0DFA2E10-96C8-4E05-BC10-B710B97ECCDE}.CodeCoverage|Any CPU.Build.0 = Release|Any CPU
		{0DFA2E10-96C8-4E05-BC10-B710B97ECCDE}.Coverage|Any CPU.ActiveCfg = Release|Any CPU
		{0DFA2E10-96C8-4E05-BC10-B710B97ECCDE}.Coverage|Any CPU.Build.0 = Release|Any CPU
		{0DFA2E10-96C8-4E05-BC10-B710B97ECCDE}.Debug|Any CPU.ActiveCfg = Debug|Any CPU
		{0DFA2E10-96C8-4E05-BC10-B710B97ECCDE}.Debug|Any CPU.Build.0 = Debug|Any CPU
		{0DFA2E10-96C8-4E05-BC10-B710B97ECCDE}.FxCop|Any CPU.ActiveCfg = Release|Any CPU
		{0DFA2E10-96C8-4E05-BC10-B710B97ECCDE}.FxCop|Any CPU.Build.0 = Release|Any CPU
		{0DFA2E10-96C8-4E05-BC10-B710B97ECCDE}.Release|Any CPU.ActiveCfg = Release|Any CPU
		{0DFA2E10-96C8-4E05-BC10-B710B97ECCDE}.Release|Any CPU.Build.0 = Release|Any CPU
		{CB70A642-8CEC-4DDE-8C9F-AD08900EC98D}.CodeCoverage|Any CPU.ActiveCfg = Release|Any CPU
		{CB70A642-8CEC-4DDE-8C9F-AD08900EC98D}.CodeCoverage|Any CPU.Build.0 = Release|Any CPU
		{CB70A642-8CEC-4DDE-8C9F-AD08900EC98D}.Coverage|Any CPU.ActiveCfg = Release|Any CPU
		{CB70A642-8CEC-4DDE-8C9F-AD08900EC98D}.Coverage|Any CPU.Build.0 = Release|Any CPU
		{CB70A642-8CEC-4DDE-8C9F-AD08900EC98D}.Debug|Any CPU.ActiveCfg = Debug|Any CPU
		{CB70A642-8CEC-4DDE-8C9F-AD08900EC98D}.Debug|Any CPU.Build.0 = Debug|Any CPU
		{CB70A642-8CEC-4DDE-8C9F-AD08900EC98D}.FxCop|Any CPU.ActiveCfg = Release|Any CPU
		{CB70A642-8CEC-4DDE-8C9F-AD08900EC98D}.FxCop|Any CPU.Build.0 = Release|Any CPU
		{CB70A642-8CEC-4DDE-8C9F-AD08900EC98D}.Release|Any CPU.ActiveCfg = Release|Any CPU
		{CB70A642-8CEC-4DDE-8C9F-AD08900EC98D}.Release|Any CPU.Build.0 = Release|Any CPU
		{5C0D5249-AEF5-4BB6-8F5F-057B91AC2D7A}.CodeCoverage|Any CPU.ActiveCfg = Release|Any CPU
		{5C0D5249-AEF5-4BB6-8F5F-057B91AC2D7A}.CodeCoverage|Any CPU.Build.0 = Release|Any CPU
		{5C0D5249-AEF5-4BB6-8F5F-057B91AC2D7A}.Coverage|Any CPU.ActiveCfg = Release|Any CPU
		{5C0D5249-AEF5-4BB6-8F5F-057B91AC2D7A}.Coverage|Any CPU.Build.0 = Release|Any CPU
		{5C0D5249-AEF5-4BB6-8F5F-057B91AC2D7A}.Debug|Any CPU.ActiveCfg = Debug|Any CPU
		{5C0D5249-AEF5-4BB6-8F5F-057B91AC2D7A}.Debug|Any CPU.Build.0 = Debug|Any CPU
		{5C0D5249-AEF5-4BB6-8F5F-057B91AC2D7A}.FxCop|Any CPU.ActiveCfg = Release|Any CPU
		{5C0D5249-AEF5-4BB6-8F5F-057B91AC2D7A}.FxCop|Any CPU.Build.0 = Release|Any CPU
		{5C0D5249-AEF5-4BB6-8F5F-057B91AC2D7A}.Release|Any CPU.ActiveCfg = Release|Any CPU
		{5C0D5249-AEF5-4BB6-8F5F-057B91AC2D7A}.Release|Any CPU.Build.0 = Release|Any CPU
		{C0C45321-B51D-4D8D-9B7B-AA4C2E0B2962}.CodeCoverage|Any CPU.ActiveCfg = Release|Any CPU
		{C0C45321-B51D-4D8D-9B7B-AA4C2E0B2962}.CodeCoverage|Any CPU.Build.0 = Release|Any CPU
		{C0C45321-B51D-4D8D-9B7B-AA4C2E0B2962}.Coverage|Any CPU.ActiveCfg = Release|Any CPU
		{C0C45321-B51D-4D8D-9B7B-AA4C2E0B2962}.Coverage|Any CPU.Build.0 = Release|Any CPU
		{C0C45321-B51D-4D8D-9B7B-AA4C2E0B2962}.Debug|Any CPU.ActiveCfg = Debug|Any CPU
		{C0C45321-B51D-4D8D-9B7B-AA4C2E0B2962}.Debug|Any CPU.Build.0 = Debug|Any CPU
		{C0C45321-B51D-4D8D-9B7B-AA4C2E0B2962}.FxCop|Any CPU.ActiveCfg = Release|Any CPU
		{C0C45321-B51D-4D8D-9B7B-AA4C2E0B2962}.FxCop|Any CPU.Build.0 = Release|Any CPU
		{C0C45321-B51D-4D8D-9B7B-AA4C2E0B2962}.Release|Any CPU.ActiveCfg = Release|Any CPU
		{C0C45321-B51D-4D8D-9B7B-AA4C2E0B2962}.Release|Any CPU.Build.0 = Release|Any CPU
		{17F86780-9A1F-4AA1-86F1-875EEC2730C7}.CodeCoverage|Any CPU.ActiveCfg = Release|Any CPU
		{17F86780-9A1F-4AA1-86F1-875EEC2730C7}.CodeCoverage|Any CPU.Build.0 = Release|Any CPU
		{17F86780-9A1F-4AA1-86F1-875EEC2730C7}.Coverage|Any CPU.ActiveCfg = Release|Any CPU
		{17F86780-9A1F-4AA1-86F1-875EEC2730C7}.Coverage|Any CPU.Build.0 = Release|Any CPU
		{17F86780-9A1F-4AA1-86F1-875EEC2730C7}.Debug|Any CPU.ActiveCfg = Debug|Any CPU
		{17F86780-9A1F-4AA1-86F1-875EEC2730C7}.Debug|Any CPU.Build.0 = Debug|Any CPU
		{17F86780-9A1F-4AA1-86F1-875EEC2730C7}.FxCop|Any CPU.ActiveCfg = Release|Any CPU
		{17F86780-9A1F-4AA1-86F1-875EEC2730C7}.FxCop|Any CPU.Build.0 = Release|Any CPU
		{17F86780-9A1F-4AA1-86F1-875EEC2730C7}.Release|Any CPU.ActiveCfg = Release|Any CPU
		{17F86780-9A1F-4AA1-86F1-875EEC2730C7}.Release|Any CPU.Build.0 = Release|Any CPU
		{CDE24A24-01D3-403C-84B9-37722E18DFB7}.CodeCoverage|Any CPU.ActiveCfg = Release|Any CPU
		{CDE24A24-01D3-403C-84B9-37722E18DFB7}.CodeCoverage|Any CPU.Build.0 = Release|Any CPU
		{CDE24A24-01D3-403C-84B9-37722E18DFB7}.Coverage|Any CPU.ActiveCfg = Release|Any CPU
		{CDE24A24-01D3-403C-84B9-37722E18DFB7}.Coverage|Any CPU.Build.0 = Release|Any CPU
		{CDE24A24-01D3-403C-84B9-37722E18DFB7}.Debug|Any CPU.ActiveCfg = Debug|Any CPU
		{CDE24A24-01D3-403C-84B9-37722E18DFB7}.Debug|Any CPU.Build.0 = Debug|Any CPU
		{CDE24A24-01D3-403C-84B9-37722E18DFB7}.FxCop|Any CPU.ActiveCfg = Release|Any CPU
		{CDE24A24-01D3-403C-84B9-37722E18DFB7}.FxCop|Any CPU.Build.0 = Release|Any CPU
		{CDE24A24-01D3-403C-84B9-37722E18DFB7}.Release|Any CPU.ActiveCfg = Release|Any CPU
		{CDE24A24-01D3-403C-84B9-37722E18DFB7}.Release|Any CPU.Build.0 = Release|Any CPU
		{7418B1F1-5D7D-40D1-8559-E205157243B3}.CodeCoverage|Any CPU.ActiveCfg = Release|Any CPU
		{7418B1F1-5D7D-40D1-8559-E205157243B3}.CodeCoverage|Any CPU.Build.0 = Release|Any CPU
		{7418B1F1-5D7D-40D1-8559-E205157243B3}.Coverage|Any CPU.ActiveCfg = Release|Any CPU
		{7418B1F1-5D7D-40D1-8559-E205157243B3}.Coverage|Any CPU.Build.0 = Release|Any CPU
		{7418B1F1-5D7D-40D1-8559-E205157243B3}.Debug|Any CPU.ActiveCfg = Debug|Any CPU
		{7418B1F1-5D7D-40D1-8559-E205157243B3}.Debug|Any CPU.Build.0 = Debug|Any CPU
		{7418B1F1-5D7D-40D1-8559-E205157243B3}.FxCop|Any CPU.ActiveCfg = Release|Any CPU
		{7418B1F1-5D7D-40D1-8559-E205157243B3}.FxCop|Any CPU.Build.0 = Release|Any CPU
		{7418B1F1-5D7D-40D1-8559-E205157243B3}.Release|Any CPU.ActiveCfg = Release|Any CPU
		{7418B1F1-5D7D-40D1-8559-E205157243B3}.Release|Any CPU.Build.0 = Release|Any CPU
		{A31614BF-EC56-4C9C-B5CC-A5EB145A99E6}.CodeCoverage|Any CPU.ActiveCfg = Release|Any CPU
		{A31614BF-EC56-4C9C-B5CC-A5EB145A99E6}.CodeCoverage|Any CPU.Build.0 = Release|Any CPU
		{A31614BF-EC56-4C9C-B5CC-A5EB145A99E6}.Coverage|Any CPU.ActiveCfg = Release|Any CPU
		{A31614BF-EC56-4C9C-B5CC-A5EB145A99E6}.Coverage|Any CPU.Build.0 = Release|Any CPU
		{A31614BF-EC56-4C9C-B5CC-A5EB145A99E6}.Debug|Any CPU.ActiveCfg = Debug|Any CPU
		{A31614BF-EC56-4C9C-B5CC-A5EB145A99E6}.Debug|Any CPU.Build.0 = Debug|Any CPU
		{A31614BF-EC56-4C9C-B5CC-A5EB145A99E6}.FxCop|Any CPU.ActiveCfg = Release|Any CPU
		{A31614BF-EC56-4C9C-B5CC-A5EB145A99E6}.FxCop|Any CPU.Build.0 = Release|Any CPU
		{A31614BF-EC56-4C9C-B5CC-A5EB145A99E6}.Release|Any CPU.ActiveCfg = Release|Any CPU
		{A31614BF-EC56-4C9C-B5CC-A5EB145A99E6}.Release|Any CPU.Build.0 = Release|Any CPU
		{EA680B2E-CEFF-479C-A40D-70EF608CB514}.CodeCoverage|Any CPU.ActiveCfg = Release|Any CPU
		{EA680B2E-CEFF-479C-A40D-70EF608CB514}.Coverage|Any CPU.ActiveCfg = Release|Any CPU
		{EA680B2E-CEFF-479C-A40D-70EF608CB514}.Debug|Any CPU.ActiveCfg = Debug|Any CPU
		{EA680B2E-CEFF-479C-A40D-70EF608CB514}.Debug|Any CPU.Build.0 = Debug|Any CPU
		{EA680B2E-CEFF-479C-A40D-70EF608CB514}.FxCop|Any CPU.ActiveCfg = Release|Any CPU
		{EA680B2E-CEFF-479C-A40D-70EF608CB514}.Release|Any CPU.ActiveCfg = Release|Any CPU
		{EA680B2E-CEFF-479C-A40D-70EF608CB514}.Release|Any CPU.Build.0 = Release|Any CPU
	EndGlobalSection
	GlobalSection(SolutionProperties) = preSolution
		HideSolutionNode = FALSE
	EndGlobalSection
	GlobalSection(NestedProjects) = preSolution
		{C0C45321-B51D-4D8D-9B7B-AA4C2E0B2962} = {E9C9F120-07BA-4DFB-B9C3-3AFB9D44C9D5}
		{17F86780-9A1F-4AA1-86F1-875EEC2730C7} = {E9C9F120-07BA-4DFB-B9C3-3AFB9D44C9D5}
		{CDE24A24-01D3-403C-84B9-37722E18DFB7} = {E9C9F120-07BA-4DFB-B9C3-3AFB9D44C9D5}
		{7418B1F1-5D7D-40D1-8559-E205157243B3} = {E9C9F120-07BA-4DFB-B9C3-3AFB9D44C9D5}
		{A31614BF-EC56-4C9C-B5CC-A5EB145A99E6} = {E9C9F120-07BA-4DFB-B9C3-3AFB9D44C9D5}
		{EA680B2E-CEFF-479C-A40D-70EF608CB514} = {E9C9F120-07BA-4DFB-B9C3-3AFB9D44C9D5}
		{5E5E7A21-C7B2-44D8-8593-2F9541AE041D} = {383DBA32-4A3E-48D1-AAC3-75377A694452}
		{33B1BC8D-E292-4972-A363-22056B207156} = {383DBA32-4A3E-48D1-AAC3-75377A694452}
		{0DFA2E10-96C8-4E05-BC10-B710B97ECCDE} = {383DBA32-4A3E-48D1-AAC3-75377A694452}
		{CB70A642-8CEC-4DDE-8C9F-AD08900EC98D} = {74492CBC-7201-417E-BC29-28B4C25A58B0}
	EndGlobalSection
EndGlobal
